{
  "name": "ttystudio",
  "version": "0.0.16",
  "lockfileVersion": 1,
  "dependencies": {
    "blessed": {
      "version": "0.1.81",
      "resolved": "https://registry.npmjs.org/blessed/-/blessed-0.1.81.tgz",
      "integrity": "sha1-+WLWh+wsNpVwrnGvhDJW5tDKESk="
    },
    "extend": {
      "version": "1.2.1",
      "resolved": "https://registry.npmjs.org/extend/-/extend-1.2.1.tgz",
      "integrity": "sha1-oPX9bPyDpf5J72mNYOyKYk3UV2w="
    },
    "jshashes": {
      "version": "1.0.7",
      "resolved": "https://registry.npmjs.org/jshashes/-/jshashes-1.0.7.tgz",
      "integrity": "sha1-vtjJeg6WMv0FE5FvVfdt1Uhr5Z8="
    },
    "nan": {
      "version": "2.3.5",
      "resolved": "https://registry.npmjs.org/nan/-/nan-2.3.5.tgz",
      "integrity": "sha1-gioNwmYpDOTNOhIoLKPn42Rmigg="
    },
    "pty.js": {
      "version": "0.3.1",
      "resolved": "https://registry.npmjs.org/pty.js/-/pty.js-0.3.1.tgz",
      "integrity": "sha1-gfW+0zLW5eeraFaI0boDc0ENUbU="
    },
    "term.js": {
      "version": "0.0.7",
      "resolved": "https://registry.npmjs.org/term.js/-/term.js-0.0.7.tgz",
      "integrity": "sha1-Um8kz8Dy72+A9RfJ4n2ulHvIcxU="
    }
  }
}
